
Microsoft Visual Studio Solution File, Format Version 12.00
# Visual Studio Version 16
VisualStudioVersion = 16.0.31205.134
MinimumVisualStudioVersion = 10.0.40219.1
Project("{FAE04EC0-301F-11D3-BF4B-00C04F79EFBC}") = "WebApplication9", "WebApplication9.csproj", "{9171AEBC-70D7-44DC-BBA6-2B39E31A49A6}"
EndProject
Global
	GlobalSection(SolutionConfigurationPlatforms) = preSolution
		Debug|Any CPU = Debug|Any CPU
		Release|Any CPU = Release|Any CPU
	EndGlobalSection
	GlobalSection(ProjectConfigurationPlatforms) = postSolution
		{9171AEBC-70D7-44DC-BBA6-2B39E31A49A6}.Debug|Any CPU.ActiveCfg = Debug|Any CPU
		{9171AEBC-70D7-44DC-BBA6-2B39E31A49A6}.Debug|Any CPU.Build.0 = Debug|Any CPU
		{9171AEBC-70D7-44DC-BBA6-2B39E31A49A6}.Release|Any CPU.ActiveCfg = Release|Any CPU
		{9171AEBC-70D7-44DC-BBA6-2B39E31A49A6}.Release|Any CPU.Build.0 = Release|Any CPU
	EndGlobalSection
	GlobalSection(SolutionProperties) = preSolution
		HideSolutionNode = FALSE
	EndGlobalSection
	GlobalSection(ExtensibilityGlobals) = postSolution
		SolutionGuid = {90E3C221-5B5A-4976-A327-89AF106E4F7F}
	EndGlobalSection
EndGlobal
